
Microsoft Visual Studio Solution File, Format Version 12.00
# Visual Studio Version 16
VisualStudioVersion = 16.0.30523.141
MinimumVisualStudioVersion = 10.0.40219.1
Project("{8BC9CEB8-8B4A-11D0-8D11-00A0C91BC942}") = "20201009 Quick sort", "20201009 Quick sort\20201009 Quick sort.vcxproj", "{42B715FA-726F-48C6-8574-8936F4592A9D}"
EndProject
Global
	GlobalSection(SolutionConfigurationPlatforms) = preSolution
		Debug|x64 = Debug|x64
		Debug|x86 = Debug|x86
		Release|x64 = Release|x64
		Release|x86 = Release|x86
	EndGlobalSection
	GlobalSection(ProjectConfigurationPlatforms) = postSolution
		{42B715FA-726F-48C6-8574-8936F4592A9D}.Debug|x64.ActiveCfg = Debug|x64
		{42B715FA-726F-48C6-8574-8936F4592A9D}.Debug|x64.Build.0 = Debug|x64
		{42B715FA-726F-48C6-8574-8936F4592A9D}.Debug|x86.ActiveCfg = Debug|Win32
		{42B715FA-726F-48C6-8574-8936F4592A9D}.Debug|x86.Build.0 = Debug|Win32
		{42B715FA-726F-48C6-8574-8936F4592A9D}.Release|x64.ActiveCfg = Release|x64
		{42B715FA-726F-48C6-8574-8936F4592A9D}.Release|x64.Build.0 = Release|x64
		{42B715FA-726F-48C6-8574-8936F4592A9D}.Release|x86.ActiveCfg = Release|Win32
		{42B715FA-726F-48C6-8574-8936F4592A9D}.Release|x86.Build.0 = Release|Win32
	EndGlobalSection
	GlobalSection(SolutionProperties) = preSolution
		HideSolutionNode = FALSE
	EndGlobalSection
	GlobalSection(ExtensibilityGlobals) = postSolution
		SolutionGuid = {1478D484-1AF2-4F8A-B8DB-E1AF55D32FD3}
	EndGlobalSection
EndGlobal
